
Microsoft Visual Studio Solution File, Format Version 12.00
# Visual Studio Version 16
VisualStudioVersion = 16.0.29806.167
MinimumVisualStudioVersion = 10.0.40219.1
Project("{2150E333-8FDC-42A3-9474-1A3956D46DE8}") = "1.Services", "1.Services", "{40957C94-5FE0-477F-8287-9BBEF8FD995E}"
EndProject
Project("{2150E333-8FDC-42A3-9474-1A3956D46DE8}") = "2.Application", "2.Application", "{31BE466A-64DA-498D-83C3-5F39E5A968D0}"
EndProject
Project("{2150E333-8FDC-42A3-9474-1A3956D46DE8}") = "3.Domain", "3.Domain", "{F09D1D4B-3DB6-4C99-8524-4699E95B8A8F}"
EndProject
Project("{2150E333-8FDC-42A3-9474-1A3956D46DE8}") = "4.DataAccess", "4.DataAccess", "{F788CFB1-9403-4ED7-9136-C468D288F01D}"
EndProject
Project("{9A19103F-16F7-4668-BE54-9A1E7A4F7556}") = "HubbecAPI", "1.Services\HubbecAPI\HubbecAPI.csproj", "{40E2B580-68C5-4970-B57F-8F74E42EFF3F}"
EndProject
Project("{9A19103F-16F7-4668-BE54-9A1E7A4F7556}") = "DataAccess", "4.DataAccess\DataAccess\DataAccess.csproj", "{44674894-4605-4048-9826-637DB9890E38}"
EndProject
Project("{9A19103F-16F7-4668-BE54-9A1E7A4F7556}") = "Domain.Common", "3.Domain\Domain.Common\Domain.Common.csproj", "{F99D9B33-55CE-4B82-9AA5-65FB440B233A}"
EndProject
Project("{9A19103F-16F7-4668-BE54-9A1E7A4F7556}") = "Application", "2.Application\Application\Application.csproj", "{3D75946A-8D91-44D4-BF51-E48D041D4B38}"
EndProject
Project("{9A19103F-16F7-4668-BE54-9A1E7A4F7556}") = "CrossCutting.IoC", "4.DataAccess\CrossCutting.IoC\CrossCutting.IoC.csproj", "{270BD431-6285-4EE4-81F5-1B555FD63482}"
EndProject
Project("{9A19103F-16F7-4668-BE54-9A1E7A4F7556}") = "Domain.Entities", "3.Domain\Domain.Entities\Domain.Entities.csproj", "{40D389D3-DF3B-4F98-B15D-43686BAF5F50}"
EndProject
Project("{9A19103F-16F7-4668-BE54-9A1E7A4F7556}") = "Domain.Models", "3.Domain\Domain.Models\Domain.Models.csproj", "{BFCDEAE0-9CC1-4815-92B3-A3DECD8ED486}"
EndProject
Project("{9A19103F-16F7-4668-BE54-9A1E7A4F7556}") = "DataAccess.Account", "4.DataAccess\DataAccess.Account\DataAccess.Account.csproj", "{0FDA29EA-55DD-43E2-9EF0-AB93FA1E8496}"
EndProject
Project("{9A19103F-16F7-4668-BE54-9A1E7A4F7556}") = "Domain.Repository", "3.Domain\Domain.Repository\Domain.Repository.csproj", "{9D9B498F-C73E-40A8-B8EE-362210C9462F}"
EndProject
Project("{FAE04EC0-301F-11D3-BF4B-00C04F79EFBC}") = "Domain.DataTransferObjects", "Domain.DataTransferObjects\Domain.DataTransferObjects.csproj", "{197F705F-309B-4DDF-99EF-3C9FEE74B86A}"
EndProject
Global
	GlobalSection(SolutionConfigurationPlatforms) = preSolution
		Debug|Any CPU = Debug|Any CPU
		Release|Any CPU = Release|Any CPU
	EndGlobalSection
	GlobalSection(ProjectConfigurationPlatforms) = postSolution
		{40E2B580-68C5-4970-B57F-8F74E42EFF3F}.Debug|Any CPU.ActiveCfg = Debug|Any CPU
		{40E2B580-68C5-4970-B57F-8F74E42EFF3F}.Debug|Any CPU.Build.0 = Debug|Any CPU
		{40E2B580-68C5-4970-B57F-8F74E42EFF3F}.Release|Any CPU.ActiveCfg = Release|Any CPU
		{40E2B580-68C5-4970-B57F-8F74E42EFF3F}.Release|Any CPU.Build.0 = Release|Any CPU
		{44674894-4605-4048-9826-637DB9890E38}.Debug|Any CPU.ActiveCfg = Debug|Any CPU
		{44674894-4605-4048-9826-637DB9890E38}.Debug|Any CPU.Build.0 = Debug|Any CPU
		{44674894-4605-4048-9826-637DB9890E38}.Release|Any CPU.ActiveCfg = Release|Any CPU
		{44674894-4605-4048-9826-637DB9890E38}.Release|Any CPU.Build.0 = Release|Any CPU
		{F99D9B33-55CE-4B82-9AA5-65FB440B233A}.Debug|Any CPU.ActiveCfg = Debug|Any CPU
		{F99D9B33-55CE-4B82-9AA5-65FB440B233A}.Debug|Any CPU.Build.0 = Debug|Any CPU
		{F99D9B33-55CE-4B82-9AA5-65FB440B233A}.Release|Any CPU.ActiveCfg = Release|Any CPU
		{F99D9B33-55CE-4B82-9AA5-65FB440B233A}.Release|Any CPU.Build.0 = Release|Any CPU
		{3D75946A-8D91-44D4-BF51-E48D041D4B38}.Debug|Any CPU.ActiveCfg = Debug|Any CPU
		{3D75946A-8D91-44D4-BF51-E48D041D4B38}.Debug|Any CPU.Build.0 = Debug|Any CPU
		{3D75946A-8D91-44D4-BF51-E48D041D4B38}.Release|Any CPU.ActiveCfg = Release|Any CPU
		{3D75946A-8D91-44D4-BF51-E48D041D4B38}.Release|Any CPU.Build.0 = Release|Any CPU
		{270BD431-6285-4EE4-81F5-1B555FD63482}.Debug|Any CPU.ActiveCfg = Debug|Any CPU
		{270BD431-6285-4EE4-81F5-1B555FD63482}.Debug|Any CPU.Build.0 = Debug|Any CPU
		{270BD431-6285-4EE4-81F5-1B555FD63482}.Release|Any CPU.ActiveCfg = Release|Any CPU
		{270BD431-6285-4EE4-81F5-1B555FD63482}.Release|Any CPU.Build.0 = Release|Any CPU
		{40D389D3-DF3B-4F98-B15D-43686BAF5F50}.Debug|Any CPU.ActiveCfg = Debug|Any CPU
		{40D389D3-DF3B-4F98-B15D-43686BAF5F50}.Debug|Any CPU.Build.0 = Debug|Any CPU
		{40D389D3-DF3B-4F98-B15D-43686BAF5F50}.Release|Any CPU.ActiveCfg = Release|Any CPU
		{40D389D3-DF3B-4F98-B15D-43686BAF5F50}.Release|Any CPU.Build.0 = Release|Any CPU
		{BFCDEAE0-9CC1-4815-92B3-A3DECD8ED486}.Debug|Any CPU.ActiveCfg = Debug|Any CPU
		{BFCDEAE0-9CC1-4815-92B3-A3DECD8ED486}.Debug|Any CPU.Build.0 = Debug|Any CPU
		{BFCDEAE0-9CC1-4815-92B3-A3DECD8ED486}.Release|Any CPU.ActiveCfg = Release|Any CPU
		{BFCDEAE0-9CC1-4815-92B3-A3DECD8ED486}.Release|Any CPU.Build.0 = Release|Any CPU
		{0FDA29EA-55DD-43E2-9EF0-AB93FA1E8496}.Debug|Any CPU.ActiveCfg = Debug|Any CPU
		{0FDA29EA-55DD-43E2-9EF0-AB93FA1E8496}.Debug|Any CPU.Build.0 = Debug|Any CPU
		{0FDA29EA-55DD-43E2-9EF0-AB93FA1E8496}.Release|Any CPU.ActiveCfg = Release|Any CPU
		{0FDA29EA-55DD-43E2-9EF0-AB93FA1E8496}.Release|Any CPU.Build.0 = Release|Any CPU
		{9D9B498F-C73E-40A8-B8EE-362210C9462F}.Debug|Any CPU.ActiveCfg = Debug|Any CPU
		{9D9B498F-C73E-40A8-B8EE-362210C9462F}.Debug|Any CPU.Build.0 = Debug|Any CPU
		{9D9B498F-C73E-40A8-B8EE-362210C9462F}.Release|Any CPU.ActiveCfg = Release|Any CPU
		{9D9B498F-C73E-40A8-B8EE-362210C9462F}.Release|Any CPU.Build.0 = Release|Any CPU
		{197F705F-309B-4DDF-99EF-3C9FEE74B86A}.Debug|Any CPU.ActiveCfg = Debug|Any CPU
		{197F705F-309B-4DDF-99EF-3C9FEE74B86A}.Debug|Any CPU.Build.0 = Debug|Any CPU
		{197F705F-309B-4DDF-99EF-3C9FEE74B86A}.Release|Any CPU.ActiveCfg = Release|Any CPU
		{197F705F-309B-4DDF-99EF-3C9FEE74B86A}.Release|Any CPU.Build.0 = Release|Any CPU
	EndGlobalSection
	GlobalSection(SolutionProperties) = preSolution
		HideSolutionNode = FALSE
	EndGlobalSection
	GlobalSection(NestedProjects) = preSolution
		{40E2B580-68C5-4970-B57F-8F74E42EFF3F} = {40957C94-5FE0-477F-8287-9BBEF8FD995E}
		{44674894-4605-4048-9826-637DB9890E38} = {F788CFB1-9403-4ED7-9136-C468D288F01D}
		{F99D9B33-55CE-4B82-9AA5-65FB440B233A} = {F09D1D4B-3DB6-4C99-8524-4699E95B8A8F}
		{3D75946A-8D91-44D4-BF51-E48D041D4B38} = {31BE466A-64DA-498D-83C3-5F39E5A968D0}
		{270BD431-6285-4EE4-81F5-1B555FD63482} = {F788CFB1-9403-4ED7-9136-C468D288F01D}
		{40D389D3-DF3B-4F98-B15D-43686BAF5F50} = {F09D1D4B-3DB6-4C99-8524-4699E95B8A8F}
		{BFCDEAE0-9CC1-4815-92B3-A3DECD8ED486} = {F09D1D4B-3DB6-4C99-8524-4699E95B8A8F}
		{0FDA29EA-55DD-43E2-9EF0-AB93FA1E8496} = {F788CFB1-9403-4ED7-9136-C468D288F01D}
		{9D9B498F-C73E-40A8-B8EE-362210C9462F} = {F09D1D4B-3DB6-4C99-8524-4699E95B8A8F}
		{197F705F-309B-4DDF-99EF-3C9FEE74B86A} = {F09D1D4B-3DB6-4C99-8524-4699E95B8A8F}
	EndGlobalSection
	GlobalSection(ExtensibilityGlobals) = postSolution
		SolutionGuid = {7D47F3D7-8AA4-4384-92CA-7920781D1D46}
	EndGlobalSection
EndGlobal
